
Microsoft Visual Studio Solution File, Format Version 12.00
# Visual Studio Version 17
VisualStudioVersion = 17.13.35919.96
MinimumVisualStudioVersion = 10.0.40219.1
Project("{FAE04EC0-301F-11D3-BF4B-00C04F79EFBC}") = "BatchRename", "BatchRename.csproj", "{60209751-7BC7-4EEF-8880-B13548D83ADE}"
EndProject
Project("{FAE04EC0-301F-11D3-BF4B-00C04F79EFBC}") = "L-WPF-Components", "..\L-WPF-Components\L-WPF-Components.csproj", "{F51D30E1-F544-8CAB-603B-1AA2E2C89E9A}"
EndProject
Global
	GlobalSection(SolutionConfigurationPlatforms) = preSolution
		Debug|Any CPU = Debug|Any CPU
		Release|Any CPU = Release|Any CPU
	EndGlobalSection
	GlobalSection(ProjectConfigurationPlatforms) = postSolution
		{60209751-7BC7-4EEF-8880-B13548D83ADE}.Debug|Any CPU.ActiveCfg = Debug|Any CPU
		{60209751-7BC7-4EEF-8880-B13548D83ADE}.Debug|Any CPU.Build.0 = Debug|Any CPU
		{60209751-7BC7-4EEF-8880-B13548D83ADE}.Release|Any CPU.ActiveCfg = Release|Any CPU
		{60209751-7BC7-4EEF-8880-B13548D83ADE}.Release|Any CPU.Build.0 = Release|Any CPU
		{F51D30E1-F544-8CAB-603B-1AA2E2C89E9A}.Debug|Any CPU.ActiveCfg = Debug|Any CPU
		{F51D30E1-F544-8CAB-603B-1AA2E2C89E9A}.Debug|Any CPU.Build.0 = Debug|Any CPU
		{F51D30E1-F544-8CAB-603B-1AA2E2C89E9A}.Release|Any CPU.ActiveCfg = Release|Any CPU
		{F51D30E1-F544-8CAB-603B-1AA2E2C89E9A}.Release|Any CPU.Build.0 = Release|Any CPU
	EndGlobalSection
	GlobalSection(SolutionProperties) = preSolution
		HideSolutionNode = FALSE
	EndGlobalSection
	GlobalSection(ExtensibilityGlobals) = postSolution
		SolutionGuid = {36BC68CB-3B66-4651-999C-36F716229183}
	EndGlobalSection
EndGlobal
